
Microsoft Visual Studio Solution File, Format Version 12.00
# Visual Studio 15
VisualStudioVersion = 15.0.28307.421
MinimumVisualStudioVersion = 10.0.40219.1
Project("{FAE04EC0-301F-11D3-BF4B-00C04F79EFBC}") = "WindowsFormsApp1", "WindowsFormsApp1\WindowsFormsApp1.csproj", "{3B6FC801-BC8F-4652-A317-4FCC5827441D}"
EndProject
Global
	GlobalSection(SolutionConfigurationPlatforms) = preSolution
		Debug|Any CPU = Debug|Any CPU
		Release|Any CPU = Release|Any CPU
	EndGlobalSection
	GlobalSection(ProjectConfigurationPlatforms) = postSolution
		{3B6FC801-BC8F-4652-A317-4FCC5827441D}.Debug|Any CPU.ActiveCfg = Debug|Any CPU
		{3B6FC801-BC8F-4652-A317-4FCC5827441D}.Debug|Any CPU.Build.0 = Debug|Any CPU
		{3B6FC801-BC8F-4652-A317-4FCC5827441D}.Release|Any CPU.ActiveCfg = Release|Any CPU
		{3B6FC801-BC8F-4652-A317-4FCC5827441D}.Release|Any CPU.Build.0 = Release|Any CPU
	EndGlobalSection
	GlobalSection(SolutionProperties) = preSolution
		HideSolutionNode = FALSE
	EndGlobalSection
	GlobalSection(ExtensibilityGlobals) = postSolution
		SolutionGuid = {BF844180-A395-4397-85A7-2663324ED6A0}
	EndGlobalSection
EndGlobal
